
Microsoft Visual Studio Solution File, Format Version 12.00
# Visual Studio 2012
Project("{2150E333-8FDC-42A3-9474-1A3956D46DE8}") = "BLL", "BLL", "{6B17F4BC-4FD8-4379-8C30-DCD6C46421F1}"
EndProject
Project("{2150E333-8FDC-42A3-9474-1A3956D46DE8}") = "UI", "UI", "{3BEAB6A7-85BF-4CFC-AFF7-5789638F321A}"
EndProject
Project("{FAE04EC0-301F-11D3-BF4B-00C04F79EFBC}") = "SinGooCMS.WebUI", "UI\SinGooCMS.WebUI\SinGooCMS.WebUI.csproj", "{960994A8-9E06-4389-8157-0A222798AF08}"
EndProject
Project("{FAE04EC0-301F-11D3-BF4B-00C04F79EFBC}") = "SinGooCMS.Platform", "BLL\SinGooCMS.Platform\SinGooCMS.Platform.csproj", "{F3A3901B-C65D-4B8D-A454-CE1C476BA954}"
EndProject
Project("{FAE04EC0-301F-11D3-BF4B-00C04F79EFBC}") = "SinGooCMS.BLL", "BLL\SinGooCMS.BLL\SinGooCMS.BLL.csproj", "{29A4BABA-7755-438F-8725-8A6152271871}"
EndProject
Project("{FAE04EC0-301F-11D3-BF4B-00C04F79EFBC}") = "SinGooCMS.Utility", "BLL\SinGooCMS.Utility\SinGooCMS.Utility.csproj", "{C4E506B4-C0DB-4664-900C-EE9AB1E87FD2}"
EndProject
Project("{FAE04EC0-301F-11D3-BF4B-00C04F79EFBC}") = "SinGooCMS.Entity", "BLL\SinGooCMS.Entity\SinGooCMS.Entity.csproj", "{80106719-8219-4348-91FD-493DAA19B5A3}"
EndProject
Project("{FAE04EC0-301F-11D3-BF4B-00C04F79EFBC}") = "SinGooCMS.Plugin", "BLL\SinGooCMS.Plugin\SinGooCMS.Plugin.csproj", "{36334B0F-11D3-4AEC-8699-CBB9B6CC4A58}"
EndProject
Project("{FAE04EC0-301F-11D3-BF4B-00C04F79EFBC}") = "SinGooCMS.BLL.Custom", "BLL\SinGooCMS.BLL.Custom\SinGooCMS.BLL.Custom.csproj", "{F27B90DA-7E3E-4106-B145-D6FE9FEDEEE3}"
EndProject
Global
	GlobalSection(SolutionConfigurationPlatforms) = preSolution
		Debug|Any CPU = Debug|Any CPU
		Release|Any CPU = Release|Any CPU
		Test|Any CPU = Test|Any CPU
	EndGlobalSection
	GlobalSection(ProjectConfigurationPlatforms) = postSolution
		{960994A8-9E06-4389-8157-0A222798AF08}.Debug|Any CPU.ActiveCfg = Debug|Any CPU
		{960994A8-9E06-4389-8157-0A222798AF08}.Debug|Any CPU.Build.0 = Debug|Any CPU
		{960994A8-9E06-4389-8157-0A222798AF08}.Release|Any CPU.ActiveCfg = Release|Any CPU
		{960994A8-9E06-4389-8157-0A222798AF08}.Release|Any CPU.Build.0 = Release|Any CPU
		{960994A8-9E06-4389-8157-0A222798AF08}.Test|Any CPU.ActiveCfg = Release|Any CPU
		{960994A8-9E06-4389-8157-0A222798AF08}.Test|Any CPU.Build.0 = Release|Any CPU
		{F3A3901B-C65D-4B8D-A454-CE1C476BA954}.Debug|Any CPU.ActiveCfg = Debug|Any CPU
		{F3A3901B-C65D-4B8D-A454-CE1C476BA954}.Debug|Any CPU.Build.0 = Debug|Any CPU
		{F3A3901B-C65D-4B8D-A454-CE1C476BA954}.Release|Any CPU.ActiveCfg = Release|Any CPU
		{F3A3901B-C65D-4B8D-A454-CE1C476BA954}.Release|Any CPU.Build.0 = Release|Any CPU
		{F3A3901B-C65D-4B8D-A454-CE1C476BA954}.Test|Any CPU.ActiveCfg = Release|Any CPU
		{F3A3901B-C65D-4B8D-A454-CE1C476BA954}.Test|Any CPU.Build.0 = Release|Any CPU
		{29A4BABA-7755-438F-8725-8A6152271871}.Debug|Any CPU.ActiveCfg = Debug|Any CPU
		{29A4BABA-7755-438F-8725-8A6152271871}.Debug|Any CPU.Build.0 = Debug|Any CPU
		{29A4BABA-7755-438F-8725-8A6152271871}.Release|Any CPU.ActiveCfg = Release|Any CPU
		{29A4BABA-7755-438F-8725-8A6152271871}.Release|Any CPU.Build.0 = Release|Any CPU
		{29A4BABA-7755-438F-8725-8A6152271871}.Test|Any CPU.ActiveCfg = Release|Any CPU
		{29A4BABA-7755-438F-8725-8A6152271871}.Test|Any CPU.Build.0 = Release|Any CPU
		{C4E506B4-C0DB-4664-900C-EE9AB1E87FD2}.Debug|Any CPU.ActiveCfg = Debug|Any CPU
		{C4E506B4-C0DB-4664-900C-EE9AB1E87FD2}.Debug|Any CPU.Build.0 = Debug|Any CPU
		{C4E506B4-C0DB-4664-900C-EE9AB1E87FD2}.Release|Any CPU.ActiveCfg = Release|Any CPU
		{C4E506B4-C0DB-4664-900C-EE9AB1E87FD2}.Release|Any CPU.Build.0 = Release|Any CPU
		{C4E506B4-C0DB-4664-900C-EE9AB1E87FD2}.Test|Any CPU.ActiveCfg = Release|Any CPU
		{C4E506B4-C0DB-4664-900C-EE9AB1E87FD2}.Test|Any CPU.Build.0 = Release|Any CPU
		{80106719-8219-4348-91FD-493DAA19B5A3}.Debug|Any CPU.ActiveCfg = Debug|Any CPU
		{80106719-8219-4348-91FD-493DAA19B5A3}.Debug|Any CPU.Build.0 = Debug|Any CPU
		{80106719-8219-4348-91FD-493DAA19B5A3}.Release|Any CPU.ActiveCfg = Release|Any CPU
		{80106719-8219-4348-91FD-493DAA19B5A3}.Release|Any CPU.Build.0 = Release|Any CPU
		{80106719-8219-4348-91FD-493DAA19B5A3}.Test|Any CPU.ActiveCfg = Release|Any CPU
		{80106719-8219-4348-91FD-493DAA19B5A3}.Test|Any CPU.Build.0 = Release|Any CPU
		{36334B0F-11D3-4AEC-8699-CBB9B6CC4A58}.Debug|Any CPU.ActiveCfg = Debug|Any CPU
		{36334B0F-11D3-4AEC-8699-CBB9B6CC4A58}.Debug|Any CPU.Build.0 = Debug|Any CPU
		{36334B0F-11D3-4AEC-8699-CBB9B6CC4A58}.Release|Any CPU.ActiveCfg = Release|Any CPU
		{36334B0F-11D3-4AEC-8699-CBB9B6CC4A58}.Release|Any CPU.Build.0 = Release|Any CPU
		{36334B0F-11D3-4AEC-8699-CBB9B6CC4A58}.Test|Any CPU.ActiveCfg = Release|Any CPU
		{36334B0F-11D3-4AEC-8699-CBB9B6CC4A58}.Test|Any CPU.Build.0 = Release|Any CPU
		{F27B90DA-7E3E-4106-B145-D6FE9FEDEEE3}.Debug|Any CPU.ActiveCfg = Debug|Any CPU
		{F27B90DA-7E3E-4106-B145-D6FE9FEDEEE3}.Debug|Any CPU.Build.0 = Debug|Any CPU
		{F27B90DA-7E3E-4106-B145-D6FE9FEDEEE3}.Release|Any CPU.ActiveCfg = Release|Any CPU
		{F27B90DA-7E3E-4106-B145-D6FE9FEDEEE3}.Release|Any CPU.Build.0 = Release|Any CPU
		{F27B90DA-7E3E-4106-B145-D6FE9FEDEEE3}.Test|Any CPU.ActiveCfg = Release|Any CPU
		{F27B90DA-7E3E-4106-B145-D6FE9FEDEEE3}.Test|Any CPU.Build.0 = Release|Any CPU
	EndGlobalSection
	GlobalSection(SolutionProperties) = preSolution
		HideSolutionNode = FALSE
	EndGlobalSection
	GlobalSection(NestedProjects) = preSolution
		{F3A3901B-C65D-4B8D-A454-CE1C476BA954} = {6B17F4BC-4FD8-4379-8C30-DCD6C46421F1}
		{29A4BABA-7755-438F-8725-8A6152271871} = {6B17F4BC-4FD8-4379-8C30-DCD6C46421F1}
		{C4E506B4-C0DB-4664-900C-EE9AB1E87FD2} = {6B17F4BC-4FD8-4379-8C30-DCD6C46421F1}
		{80106719-8219-4348-91FD-493DAA19B5A3} = {6B17F4BC-4FD8-4379-8C30-DCD6C46421F1}
		{36334B0F-11D3-4AEC-8699-CBB9B6CC4A58} = {6B17F4BC-4FD8-4379-8C30-DCD6C46421F1}
		{F27B90DA-7E3E-4106-B145-D6FE9FEDEEE3} = {6B17F4BC-4FD8-4379-8C30-DCD6C46421F1}
		{960994A8-9E06-4389-8157-0A222798AF08} = {3BEAB6A7-85BF-4CFC-AFF7-5789638F321A}
	EndGlobalSection
EndGlobal
